
Microsoft Visual Studio Solution File, Format Version 12.00
# Visual Studio 15
VisualStudioVersion = 15.0.26730.15
MinimumVisualStudioVersion = 10.0.40219.1
Project("{FAE04EC0-301F-11D3-BF4B-00C04F79EFBC}") = "git_test.Android", "git test\git_test.Android\git_test.Android.csproj", "{79DF5361-E0F6-4FF7-943A-05FDE5E72994}"
EndProject
Project("{FAE04EC0-301F-11D3-BF4B-00C04F79EFBC}") = "git_test", "git test\git_test\git_test.csproj", "{4F11C806-922A-4E3F-8981-9B80868CD796}"
EndProject
Project("{FAE04EC0-301F-11D3-BF4B-00C04F79EFBC}") = "git_test.iOS", "git test\git_test.iOS\git_test.iOS.csproj", "{D2501C88-4B52-48D3-999E-0DE593BF0A86}"
EndProject
Global
	GlobalSection(SolutionConfigurationPlatforms) = preSolution
		Ad-Hoc|Any CPU = Ad-Hoc|Any CPU
		Ad-Hoc|iPhone = Ad-Hoc|iPhone
		Ad-Hoc|iPhoneSimulator = Ad-Hoc|iPhoneSimulator
		AppStore|Any CPU = AppStore|Any CPU
		AppStore|iPhone = AppStore|iPhone
		AppStore|iPhoneSimulator = AppStore|iPhoneSimulator
		Debug|Any CPU = Debug|Any CPU
		Debug|iPhone = Debug|iPhone
		Debug|iPhoneSimulator = Debug|iPhoneSimulator
		Release|Any CPU = Release|Any CPU
		Release|iPhone = Release|iPhone
		Release|iPhoneSimulator = Release|iPhoneSimulator
	EndGlobalSection
	GlobalSection(ProjectConfigurationPlatforms) = postSolution
		{79DF5361-E0F6-4FF7-943A-05FDE5E72994}.Ad-Hoc|Any CPU.ActiveCfg = Release|Any CPU
		{79DF5361-E0F6-4FF7-943A-05FDE5E72994}.Ad-Hoc|Any CPU.Build.0 = Release|Any CPU
		{79DF5361-E0F6-4FF7-943A-05FDE5E72994}.Ad-Hoc|Any CPU.Deploy.0 = Release|Any CPU
		{79DF5361-E0F6-4FF7-943A-05FDE5E72994}.Ad-Hoc|iPhone.ActiveCfg = Release|Any CPU
		{79DF5361-E0F6-4FF7-943A-05FDE5E72994}.Ad-Hoc|iPhone.Build.0 = Release|Any CPU
		{79DF5361-E0F6-4FF7-943A-05FDE5E72994}.Ad-Hoc|iPhone.Deploy.0 = Release|Any CPU
		{79DF5361-E0F6-4FF7-943A-05FDE5E72994}.Ad-Hoc|iPhoneSimulator.ActiveCfg = Release|Any CPU
		{79DF5361-E0F6-4FF7-943A-05FDE5E72994}.Ad-Hoc|iPhoneSimulator.Build.0 = Release|Any CPU
		{79DF5361-E0F6-4FF7-943A-05FDE5E72994}.Ad-Hoc|iPhoneSimulator.Deploy.0 = Release|Any CPU
		{79DF5361-E0F6-4FF7-943A-05FDE5E72994}.AppStore|Any CPU.ActiveCfg = Release|Any CPU
		{79DF5361-E0F6-4FF7-943A-05FDE5E72994}.AppStore|Any CPU.Build.0 = Release|Any CPU
		{79DF5361-E0F6-4FF7-943A-05FDE5E72994}.AppStore|Any CPU.Deploy.0 = Release|Any CPU
		{79DF5361-E0F6-4FF7-943A-05FDE5E72994}.AppStore|iPhone.ActiveCfg = Release|Any CPU
		{79DF5361-E0F6-4FF7-943A-05FDE5E72994}.AppStore|iPhone.Build.0 = Release|Any CPU
		{79DF5361-E0F6-4FF7-943A-05FDE5E72994}.AppStore|iPhone.Deploy.0 = Release|Any CPU
		{79DF5361-E0F6-4FF7-943A-05FDE5E72994}.AppStore|iPhoneSimulator.ActiveCfg = Release|Any CPU
		{79DF5361-E0F6-4FF7-943A-05FDE5E72994}.AppStore|iPhoneSimulator.Build.0 = Release|Any CPU
		{79DF5361-E0F6-4FF7-943A-05FDE5E72994}.AppStore|iPhoneSimulator.Deploy.0 = Release|Any CPU
		{79DF5361-E0F6-4FF7-943A-05FDE5E72994}.Debug|Any CPU.ActiveCfg = Debug|Any CPU
		{79DF5361-E0F6-4FF7-943A-05FDE5E72994}.Debug|Any CPU.Build.0 = Debug|Any CPU
		{79DF5361-E0F6-4FF7-943A-05FDE5E72994}.Debug|Any CPU.Deploy.0 = Debug|Any CPU
		{79DF5361-E0F6-4FF7-943A-05FDE5E72994}.Debug|iPhone.ActiveCfg = Debug|Any CPU
		{79DF5361-E0F6-4FF7-943A-05FDE5E72994}.Debug|iPhone.Build.0 = Debug|Any CPU
		{79DF5361-E0F6-4FF7-943A-05FDE5E72994}.Debug|iPhone.Deploy.0 = Debug|Any CPU
		{79DF5361-E0F6-4FF7-943A-05FDE5E72994}.Debug|iPhoneSimulator.ActiveCfg = Debug|Any CPU
		{79DF5361-E0F6-4FF7-943A-05FDE5E72994}.Debug|iPhoneSimulator.Build.0 = Debug|Any CPU
		{79DF5361-E0F6-4FF7-943A-05FDE5E72994}.Debug|iPhoneSimulator.Deploy.0 = Debug|Any CPU
		{79DF5361-E0F6-4FF7-943A-05FDE5E72994}.Release|Any CPU.ActiveCfg = Release|Any CPU
		{79DF5361-E0F6-4FF7-943A-05FDE5E72994}.Release|Any CPU.Build.0 = Release|Any CPU
		{79DF5361-E0F6-4FF7-943A-05FDE5E72994}.Release|Any CPU.Deploy.0 = Release|Any CPU
		{79DF5361-E0F6-4FF7-943A-05FDE5E72994}.Release|iPhone.ActiveCfg = Release|Any CPU
		{79DF5361-E0F6-4FF7-943A-05FDE5E72994}.Release|iPhone.Build.0 = Release|Any CPU
		{79DF5361-E0F6-4FF7-943A-05FDE5E72994}.Release|iPhone.Deploy.0 = Release|Any CPU
		{79DF5361-E0F6-4FF7-943A-05FDE5E72994}.Release|iPhoneSimulator.ActiveCfg = Release|Any CPU
		{79DF5361-E0F6-4FF7-943A-05FDE5E72994}.Release|iPhoneSimulator.Build.0 = Release|Any CPU
		{79DF5361-E0F6-4FF7-943A-05FDE5E72994}.Release|iPhoneSimulator.Deploy.0 = Release|Any CPU
		{4F11C806-922A-4E3F-8981-9B80868CD796}.Ad-Hoc|Any CPU.ActiveCfg = Release|Any CPU
		{4F11C806-922A-4E3F-8981-9B80868CD796}.Ad-Hoc|Any CPU.Build.0 = Release|Any CPU
		{4F11C806-922A-4E3F-8981-9B80868CD796}.Ad-Hoc|iPhone.ActiveCfg = Release|Any CPU
		{4F11C806-922A-4E3F-8981-9B80868CD796}.Ad-Hoc|iPhone.Build.0 = Release|Any CPU
		{4F11C806-922A-4E3F-8981-9B80868CD796}.Ad-Hoc|iPhoneSimulator.ActiveCfg = Release|Any CPU
		{4F11C806-922A-4E3F-8981-9B80868CD796}.Ad-Hoc|iPhoneSimulator.Build.0 = Release|Any CPU
		{4F11C806-922A-4E3F-8981-9B80868CD796}.AppStore|Any CPU.ActiveCfg = Release|Any CPU
		{4F11C806-922A-4E3F-8981-9B80868CD796}.AppStore|Any CPU.Build.0 = Release|Any CPU
		{4F11C806-922A-4E3F-8981-9B80868CD796}.AppStore|iPhone.ActiveCfg = Release|Any CPU
		{4F11C806-922A-4E3F-8981-9B80868CD796}.AppStore|iPhone.Build.0 = Release|Any CPU
		{4F11C806-922A-4E3F-8981-9B80868CD796}.AppStore|iPhoneSimulator.ActiveCfg = Release|Any CPU
		{4F11C806-922A-4E3F-8981-9B80868CD796}.AppStore|iPhoneSimulator.Build.0 = Release|Any CPU
		{4F11C806-922A-4E3F-8981-9B80868CD796}.Debug|Any CPU.ActiveCfg = Debug|Any CPU
		{4F11C806-922A-4E3F-8981-9B80868CD796}.Debug|Any CPU.Build.0 = Debug|Any CPU
		{4F11C806-922A-4E3F-8981-9B80868CD796}.Debug|iPhone.ActiveCfg = Debug|Any CPU
		{4F11C806-922A-4E3F-8981-9B80868CD796}.Debug|iPhone.Build.0 = Debug|Any CPU
		{4F11C806-922A-4E3F-8981-9B80868CD796}.Debug|iPhoneSimulator.ActiveCfg = Debug|Any CPU
		{4F11C806-922A-4E3F-8981-9B80868CD796}.Debug|iPhoneSimulator.Build.0 = Debug|Any CPU
		{4F11C806-922A-4E3F-8981-9B80868CD796}.Release|Any CPU.ActiveCfg = Release|Any CPU
		{4F11C806-922A-4E3F-8981-9B80868CD796}.Release|Any CPU.Build.0 = Release|Any CPU
		{4F11C806-922A-4E3F-8981-9B80868CD796}.Release|iPhone.ActiveCfg = Release|Any CPU
		{4F11C806-922A-4E3F-8981-9B80868CD796}.Release|iPhone.Build.0 = Release|Any CPU
		{4F11C806-922A-4E3F-8981-9B80868CD796}.Release|iPhoneSimulator.ActiveCfg = Release|Any CPU
		{4F11C806-922A-4E3F-8981-9B80868CD796}.Release|iPhoneSimulator.Build.0 = Release|Any CPU
		{D2501C88-4B52-48D3-999E-0DE593BF0A86}.Ad-Hoc|Any CPU.ActiveCfg = Ad-Hoc|iPhone
		{D2501C88-4B52-48D3-999E-0DE593BF0A86}.Ad-Hoc|iPhone.ActiveCfg = Ad-Hoc|iPhone
		{D2501C88-4B52-48D3-999E-0DE593BF0A86}.Ad-Hoc|iPhone.Build.0 = Ad-Hoc|iPhone
		{D2501C88-4B52-48D3-999E-0DE593BF0A86}.Ad-Hoc|iPhoneSimulator.ActiveCfg = Ad-Hoc|iPhoneSimulator
		{D2501C88-4B52-48D3-999E-0DE593BF0A86}.Ad-Hoc|iPhoneSimulator.Build.0 = Ad-Hoc|iPhoneSimulator
		{D2501C88-4B52-48D3-999E-0DE593BF0A86}.AppStore|Any CPU.ActiveCfg = AppStore|iPhone
		{D2501C88-4B52-48D3-999E-0DE593BF0A86}.AppStore|iPhone.ActiveCfg = AppStore|iPhone
		{D2501C88-4B52-48D3-999E-0DE593BF0A86}.AppStore|iPhone.Build.0 = AppStore|iPhone
		{D2501C88-4B52-48D3-999E-0DE593BF0A86}.AppStore|iPhoneSimulator.ActiveCfg = AppStore|iPhoneSimulator
		{D2501C88-4B52-48D3-999E-0DE593BF0A86}.AppStore|iPhoneSimulator.Build.0 = AppStore|iPhoneSimulator
		{D2501C88-4B52-48D3-999E-0DE593BF0A86}.Debug|Any CPU.ActiveCfg = Debug|iPhone
		{D2501C88-4B52-48D3-999E-0DE593BF0A86}.Debug|iPhone.ActiveCfg = Debug|iPhone
		{D2501C88-4B52-48D3-999E-0DE593BF0A86}.Debug|iPhone.Build.0 = Debug|iPhone
		{D2501C88-4B52-48D3-999E-0DE593BF0A86}.Debug|iPhoneSimulator.ActiveCfg = Debug|iPhoneSimulator
		{D2501C88-4B52-48D3-999E-0DE593BF0A86}.Debug|iPhoneSimulator.Build.0 = Debug|iPhoneSimulator
		{D2501C88-4B52-48D3-999E-0DE593BF0A86}.Release|Any CPU.ActiveCfg = Release|iPhone
		{D2501C88-4B52-48D3-999E-0DE593BF0A86}.Release|iPhone.ActiveCfg = Release|iPhone
		{D2501C88-4B52-48D3-999E-0DE593BF0A86}.Release|iPhone.Build.0 = Release|iPhone
		{D2501C88-4B52-48D3-999E-0DE593BF0A86}.Release|iPhoneSimulator.ActiveCfg = Release|iPhoneSimulator
		{D2501C88-4B52-48D3-999E-0DE593BF0A86}.Release|iPhoneSimulator.Build.0 = Release|iPhoneSimulator
	EndGlobalSection
	GlobalSection(SolutionProperties) = preSolution
		HideSolutionNode = FALSE
	EndGlobalSection
	GlobalSection(ExtensibilityGlobals) = postSolution
		SolutionGuid = {DA4315F8-5F47-4B1F-825C-263B8F4E05C5}
	EndGlobalSection
EndGlobal
